
Microsoft Visual Studio Solution File, Format Version 12.00
# Visual Studio Version 16
VisualStudioVersion = 16.0.31019.35
MinimumVisualStudioVersion = 10.0.40219.1
Project("{FAE04EC0-301F-11D3-BF4B-00C04F79EFBC}") = "MapRandomizer", "MapRandomizer.csproj", "{70F28A1A-58F4-4061-B12B-17F8B19A3CAA}"
EndProject
Global
	GlobalSection(SolutionConfigurationPlatforms) = preSolution
		Debug|Any CPU = Debug|Any CPU
		Release|Any CPU = Release|Any CPU
	EndGlobalSection
	GlobalSection(ProjectConfigurationPlatforms) = postSolution
		{70F28A1A-58F4-4061-B12B-17F8B19A3CAA}.Debug|Any CPU.ActiveCfg = Debug|Any CPU
		{70F28A1A-58F4-4061-B12B-17F8B19A3CAA}.Debug|Any CPU.Build.0 = Debug|Any CPU
		{70F28A1A-58F4-4061-B12B-17F8B19A3CAA}.Release|Any CPU.ActiveCfg = Release|Any CPU
		{70F28A1A-58F4-4061-B12B-17F8B19A3CAA}.Release|Any CPU.Build.0 = Release|Any CPU
	EndGlobalSection
	GlobalSection(SolutionProperties) = preSolution
		HideSolutionNode = FALSE
	EndGlobalSection
	GlobalSection(ExtensibilityGlobals) = postSolution
		SolutionGuid = {1E282E2D-880D-45BC-8BB0-374C27135F53}
	EndGlobalSection
EndGlobal
